
Microsoft Visual Studio Solution File, Format Version 12.00
# Visual Studio Version 17
VisualStudioVersion = 17.7.34024.191
MinimumVisualStudioVersion = 10.0.40219.1
Project("{FAE04EC0-301F-11D3-BF4B-00C04F79EFBC}") = "StatePatternProject", "StatePatternProject\StatePatternProject.csproj", "{3EE72E19-C18F-4881-ADA5-669AF346EDCB}"
EndProject
Global
	GlobalSection(SolutionConfigurationPlatforms) = preSolution
		Debug|Any CPU = Debug|Any CPU
		Release|Any CPU = Release|Any CPU
	EndGlobalSection
	GlobalSection(ProjectConfigurationPlatforms) = postSolution
		{3EE72E19-C18F-4881-ADA5-669AF346EDCB}.Debug|Any CPU.ActiveCfg = Debug|Any CPU
		{3EE72E19-C18F-4881-ADA5-669AF346EDCB}.Debug|Any CPU.Build.0 = Debug|Any CPU
		{3EE72E19-C18F-4881-ADA5-669AF346EDCB}.Release|Any CPU.ActiveCfg = Release|Any CPU
		{3EE72E19-C18F-4881-ADA5-669AF346EDCB}.Release|Any CPU.Build.0 = Release|Any CPU
	EndGlobalSection
	GlobalSection(SolutionProperties) = preSolution
		HideSolutionNode = FALSE
	EndGlobalSection
	GlobalSection(ExtensibilityGlobals) = postSolution
		SolutionGuid = {79DEAB51-4431-43B0-9A2A-E1C6DDFD5D75}
	EndGlobalSection
EndGlobal
